// !$*UTF8*$!
{
	archiveVersion = 1;
	classes = {
	};
	objectVersion = 56;
	objects = {

/* Begin PBXBuildFile section */
		F45212312B103F180024A02C /* TodoSwiftUISwiftDataApp.swift in Sources */ = {isa = PBXBuildFile; fileRef = F45212302B103F180024A02C /* TodoSwiftUISwiftDataApp.swift */; };
		F45212352B103F190024A02C /* Assets.xcassets in Resources */ = {isa = PBXBuildFile; fileRef = F45212342B103F190024A02C /* Assets.xcassets */; };
		F45212382B103F190024A02C /* Preview Assets.xcassets in Resources */ = {isa = PBXBuildFile; fileRef = F45212372B103F190024A02C /* Preview Assets.xcassets */; };
		F45212422B103FEC0024A02C /* ToDo.swift in Sources */ = {isa = PBXBuildFile; fileRef = F45212412B103FEC0024A02C /* ToDo.swift */; };
		F45212442B104C990024A02C /* ListScreen.swift in Sources */ = {isa = PBXBuildFile; fileRef = F45212432B104C990024A02C /* ListScreen.swift */; };
		F45212462B1067250024A02C /* ToDoListView.swift in Sources */ = {isa = PBXBuildFile; fileRef = F45212452B1067250024A02C /* ToDoListView.swift */; };
		F45212482B107D2F0024A02C /* ToDoDetailScreen.swift in Sources */ = {isa = PBXBuildFile; fileRef = F45212472B107D2F0024A02C /* ToDoDetailScreen.swift */; };
		F452124A2B1088F60024A02C /* AddToDoScreen.swift in Sources */ = {isa = PBXBuildFile; fileRef = F45212492B1088F50024A02C /* AddToDoScreen.swift */; };
/* End PBXBuildFile section */

/* Begin PBXFileReference section */
		F452122D2B103F180024A02C /* TodoSwiftUISwiftData.app */ = {isa = PBXFileReference; explicitFileType = wrapper.application; includeInIndex = 0; path = TodoSwiftUISwiftData.app; sourceTree = BUILT_PRODUCTS_DIR; };
		F45212302B103F180024A02C /* TodoSwiftUISwiftDataApp.swift */ = {isa = PBXFileReference; lastKnownFileType = sourcecode.swift; path = TodoSwiftUISwiftDataApp.swift; sourceTree = "<group>"; };
		F45212342B103F190024A02C /* Assets.xcassets */ = {isa = PBXFileReference; lastKnownFileType = folder.assetcatalog; path = Assets.xcassets; sourceTree = "<group>"; };
		F45212372B103F190024A02C /* Preview Assets.xcassets */ = {isa = PBXFileReference; lastKnownFileType = folder.assetcatalog; path = "Preview Assets.xcassets"; sourceTree = "<group>"; };
		F45212412B103FEC0024A02C /* ToDo.swift */ = {isa = PBXFileReference; lastKnownFileType = sourcecode.swift; path = ToDo.swift; sourceTree = "<group>"; };
		F45212432B104C990024A02C /* ListScreen.swift */ = {isa = PBXFileReference; lastKnownFileType = sourcecode.swift; path = ListScreen.swift; sourceTree = "<group>"; };
		F45212452B1067250024A02C /* ToDoListView.swift */ = {isa = PBXFileReference; lastKnownFileType = sourcecode.swift; path = ToDoListView.swift; sourceTree = "<group>"; };
		F45212472B107D2F0024A02C /* ToDoDetailScreen.swift */ = {isa = PBXFileReference; lastKnownFileType = sourcecode.swift; path = ToDoDetailScreen.swift; sourceTree = "<group>"; };
		F45212492B1088F50024A02C /* AddToDoScreen.swift */ = {isa = PBXFileReference; fileEncoding = 4; lastKnownFileType = sourcecode.swift; path = AddToDoScreen.swift; sourceTree = "<group>"; };
/* End PBXFileReference section */

/* Begin PBXFrameworksBuildPhase section */
		F452122A2B103F180024A02C /* Frameworks */ = {
			isa = PBXFrameworksBuildPhase;
			buildActionMask = 2147483647;
			files = (
			);
			runOnlyForDeploymentPostprocessing = 0;
		};
/* End PBXFrameworksBuildPhase section */

/* Begin PBXGroup section */
		F45212242B103F180024A02C = {
			isa = PBXGroup;
			children = (
				F452122F2B103F180024A02C /* TodoSwiftUISwiftData */,
				F452122E2B103F180024A02C /* Products */,
			);
			sourceTree = "<group>";
		};
		F452122E2B103F180024A02C /* Products */ = {
			isa = PBXGroup;
			children = (
				F452122D2B103F180024A02C /* TodoSwiftUISwiftData.app */,
			);
			name = Products;
			sourceTree = "<group>";
		};
		F452122F2B103F180024A02C /* TodoSwiftUISwiftData */ = {
			isa = PBXGroup;
			children = (
				F45212402B103FB00024A02C /* View */,
				F452123F2B103FA40024A02C /* Screen */,
				F452123E2B103F960024A02C /* Model */,
				F45212302B103F180024A02C /* TodoSwiftUISwiftDataApp.swift */,
				F45212342B103F190024A02C /* Assets.xcassets */,
				F45212362B103F190024A02C /* Preview Content */,
			);
			path = TodoSwiftUISwiftData;
			sourceTree = "<group>";
		};
		F45212362B103F190024A02C /* Preview Content */ = {
			isa = PBXGroup;
			children = (
				F45212372B103F190024A02C /* Preview Assets.xcassets */,
			);
			path = "Preview Content";
			sourceTree = "<group>";
		};
		F452123E2B103F960024A02C /* Model */ = {
			isa = PBXGroup;
			children = (
				F45212412B103FEC0024A02C /* ToDo.swift */,
			);
			path = Model;
			sourceTree = "<group>";
		};
		F452123F2B103FA40024A02C /* Screen */ = {
			isa = PBXGroup;
			children = (
				F45212492B1088F50024A02C /* AddToDoScreen.swift */,
				F45212432B104C990024A02C /* ListScreen.swift */,
				F45212472B107D2F0024A02C /* ToDoDetailScreen.swift */,
			);
			path = Screen;
			sourceTree = "<group>";
		};
		F45212402B103FB00024A02C /* View */ = {
			isa = PBXGroup;
			children = (
				F45212452B1067250024A02C /* ToDoListView.swift */,
			);
			path = View;
			sourceTree = "<group>";
		};
/* End PBXGroup section */

/* Begin PBXNativeTarget section */
		F452122C2B103F180024A02C /* TodoSwiftUISwiftData */ = {
			isa = PBXNativeTarget;
			buildConfigurationList = F452123B2B103F190024A02C /* Build configuration list for PBXNativeTarget "TodoSwiftUISwiftData" */;
			buildPhases = (
				F45212292B103F180024A02C /* Sources */,
				F452122A2B103F180024A02C /* Frameworks */,
				F452122B2B103F180024A02C /* Resources */,
			);
			buildRules = (
			);
			dependencies = (
			);
			name = TodoSwiftUISwiftData;
			productName = TodoSwiftUISwiftData;
			productReference = F452122D2B103F180024A02C /* TodoSwiftUISwiftData.app */;
			productType = "com.apple.product-type.application";
		};
/* End PBXNativeTarget section */

/* Begin PBXProject section */
		F45212252B103F180024A02C /* Project object */ = {
			isa = PBXProject;
			attributes = {
				BuildIndependentTargetsInParallel = 1;
				LastSwiftUpdateCheck = 1500;
				LastUpgradeCheck = 1500;
				TargetAttributes = {
					F452122C2B103F180024A02C = {
						CreatedOnToolsVersion = 15.0.1;
					};
				};
			};
			buildConfigurationList = F45212282B103F180024A02C /* Build configuration list for PBXProject "TodoSwiftUISwiftData" */;
			compatibilityVersion = "Xcode 14.0";
			developmentRegion = en;
			hasScannedForEncodings = 0;
			knownRegions = (
				en,
				Base,
			);
			mainGroup = F45212242B103F180024A02C;
			productRefGroup = F452122E2B103F180024A02C /* Products */;
			projectDirPath = "";
			projectRoot = "";
			targets = (
				F452122C2B103F180024A02C /* TodoSwiftUISwiftData */,
			);
		};
/* End PBXProject section */

/* Begin PBXResourcesBuildPhase section */
		F452122B2B103F180024A02C /* Resources */ = {
			isa = PBXResourcesBuildPhase;
			buildActionMask = 2147483647;
			files = (
				F45212382B103F190024A02C /* Preview Assets.xcassets in Resources */,
				F45212352B103F190024A02C /* Assets.xcassets in Resources */,
			);
			runOnlyForDeploymentPostprocessing = 0;
		};
/* End PBXResourcesBuildPhase section */

/* Begin PBXSourcesBuildPhase section */
		F45212292B103F180024A02C /* Sources */ = {
			isa = PBXSourcesBuildPhase;
			buildActionMask = 2147483647;
			files = (
				F45212422B103FEC0024A02C /* ToDo.swift in Sources */,
				F45212312B103F180024A02C /* TodoSwiftUISwiftDataApp.swift in Sources */,
				F45212442B104C990024A02C /* ListScreen.swift in Sources */,
				F45212482B107D2F0024A02C /* ToDoDetailScreen.swift in Sources */,
				F45212462B1067250024A02C /* ToDoListView.swift in Sources */,
				F452124A2B1088F60024A02C /* AddToDoScreen.swift in Sources */,
			);
			runOnlyForDeploymentPostprocessing = 0;
		};
/* End PBXSourcesBuildPhase section */

/* Begin XCBuildConfiguration section */
		F45212392B103F190024A02C /* Debug */ = {
			isa = XCBuildConfiguration;
			buildSettings = {
				ALWAYS_SEARCH_USER_PATHS = NO;
				ASSETCATALOG_COMPILER_GENERATE_SWIFT_ASSET_SYMBOL_EXTENSIONS = YES;
				CLANG_ANALYZER_NONNULL = YES;
				CLANG_ANALYZER_NUMBER_OBJECT_CONVERSION = YES_AGGRESSIVE;
				CLANG_CXX_LANGUAGE_STANDARD = "gnu++20";
				CLANG_ENABLE_MODULES = YES;
				CLANG_ENABLE_OBJC_ARC = YES;
				CLANG_ENABLE_OBJC_WEAK = YES;
				CLANG_WARN_BLOCK_CAPTURE_AUTORELEASING = YES;
				CLANG_WARN_BOOL_CONVERSION = YES;
				CLANG_WARN_COMMA = YES;
				CLANG_WARN_CONSTANT_CONVERSION = YES;
				CLANG_WARN_DEPRECATED_OBJC_IMPLEMENTATIONS = YES;
				CLANG_WARN_DIRECT_OBJC_ISA_USAGE = YES_ERROR;
				CLANG_WARN_DOCUMENTATION_COMMENTS = YES;
				CLANG_WARN_EMPTY_BODY = YES;
				CLANG_WARN_ENUM_CONVERSION = YES;
				CLANG_WARN_INFINITE_RECURSION = YES;
				CLANG_WARN_INT_CONVERSION = YES;
				CLANG_WARN_NON_LITERAL_NULL_CONVERSION = YES;
				CLANG_WARN_OBJC_IMPLICIT_RETAIN_SELF = YES;
				CLANG_WARN_OBJC_LITERAL_CONVERSION = YES;
				CLANG_WARN_OBJC_ROOT_CLASS = YES_ERROR;
				CLANG_WARN_QUOTED_INCLUDE_IN_FRAMEWORK_HEADER = YES;
				CLANG_WARN_RANGE_LOOP_ANALYSIS = YES;
				CLANG_WARN_STRICT_PROTOTYPES = YES;
				CLANG_WARN_SUSPICIOUS_MOVE = YES;
				CLANG_WARN_UNGUARDED_AVAILABILITY = YES_AGGRESSIVE;
				CLANG_WARN_UNREACHABLE_CODE = YES;
				CLANG_WARN__DUPLICATE_METHOD_MATCH = YES;
				COPY_PHASE_STRIP = NO;
				DEBUG_INFORMATION_FORMAT = dwarf;
				ENABLE_STRICT_OBJC_MSGSEND = YES;
				ENABLE_TESTABILITY = YES;
				ENABLE_USER_SCRIPT_SANDBOXING = YES;
				GCC_C_LANGUAGE_STANDARD = gnu17;
				GCC_DYNAMIC_NO_PIC = NO;
				GCC_NO_COMMON_BLOCKS = YES;
				GCC_OPTIMIZATION_LEVEL = 0;
				GCC_PREPROCESSOR_DEFINITIONS = (
					"DEBUG=1",
					"$(inherited)",
				);
				GCC_WARN_64_TO_32_BIT_CONVERSION = YES;
				GCC_WARN_ABOUT_RETURN_TYPE = YES_ERROR;
				GCC_WARN_UNDECLARED_SELECTOR = YES;
				GCC_WARN_UNINITIALIZED_AUTOS = YES_AGGRESSIVE;
				GCC_WARN_UNUSED_FUNCTION = YES;
				GCC_WARN_UNUSED_VARIABLE = YES;
				IPHONEOS_DEPLOYMENT_TARGET = 17.0;
				LOCALIZATION_PREFERS_STRING_CATALOGS = YES;
				MTL_ENABLE_DEBUG_INFO = INCLUDE_SOURCE;
				MTL_FAST_MATH = YES;
				ONLY_ACTIVE_ARCH = YES;
				SDKROOT = iphoneos;
				SWIFT_ACTIVE_COMPILATION_CONDITIONS = "DEBUG $(inherited)";
				SWIFT_OPTIMIZATION_LEVEL = "-Onone";
			};
			name = Debug;
		};
		F452123A2B103F190024A02C /* Release */ = {
			isa = XCBuildConfiguration;
			buildSettings = {
				ALWAYS_SEARCH_USER_PATHS = NO;
				ASSETCATALOG_COMPILER_GENERATE_SWIFT_ASSET_SYMBOL_EXTENSIONS = YES;
				CLANG_ANALYZER_NONNULL = YES;
				CLANG_ANALYZER_NUMBER_OBJECT_CONVERSION = YES_AGGRESSIVE;
				CLANG_CXX_LANGUAGE_STANDARD = "gnu++20";
				CLANG_ENABLE_MODULES = YES;
				CLANG_ENABLE_OBJC_ARC = YES;
				CLANG_ENABLE_OBJC_WEAK = YES;
				CLANG_WARN_BLOCK_CAPTURE_AUTORELEASING = YES;
				CLANG_WARN_BOOL_CONVERSION = YES;
				CLANG_WARN_COMMA = YES;
				CLANG_WARN_CONSTANT_CONVERSION = YES;
				CLANG_WARN_DEPRECATED_OBJC_IMPLEMENTATIONS = YES;
				CLANG_WARN_DIRECT_OBJC_ISA_USAGE = YES_ERROR;
				CLANG_WARN_DOCUMENTATION_COMMENTS = YES;
				CLANG_WARN_EMPTY_BODY = YES;
				CLANG_WARN_ENUM_CONVERSION = YES;
				CLANG_WARN_INFINITE_RECURSION = YES;
				CLANG_WARN_INT_CONVERSION = YES;
				CLANG_WARN_NON_LITERAL_NULL_CONVERSION = YES;
				CLANG_WARN_OBJC_IMPLICIT_RETAIN_SELF = YES;
				CLANG_WARN_OBJC_LITERAL_CONVERSION = YES;
				CLANG_WARN_OBJC_ROOT_CLASS = YES_ERROR;
				CLANG_WARN_QUOTED_INCLUDE_IN_FRAMEWORK_HEADER = YES;
				CLANG_WARN_RANGE_LOOP_ANALYSIS = YES;
				CLANG_WARN_STRICT_PROTOTYPES = YES;
				CLANG_WARN_SUSPICIOUS_MOVE = YES;
				CLANG_WARN_UNGUARDED_AVAILABILITY = YES_AGGRESSIVE;
				CLANG_WARN_UNREACHABLE_CODE = YES;
				CLANG_WARN__DUPLICATE_METHOD_MATCH = YES;
				COPY_PHASE_STRIP = NO;
				DEBUG_INFORMATION_FORMAT = "dwarf-with-dsym";
				ENABLE_NS_ASSERTIONS = NO;
				ENABLE_STRICT_OBJC_MSGSEND = YES;
				ENABLE_USER_SCRIPT_SANDBOXING = YES;
				GCC_C_LANGUAGE_STANDARD = gnu17;
				GCC_NO_COMMON_BLOCKS = YES;
				GCC_WARN_64_TO_32_BIT_CONVERSION = YES;
				GCC_WARN_ABOUT_RETURN_TYPE = YES_ERROR;
				GCC_WARN_UNDECLARED_SELECTOR = YES;
				GCC_WARN_UNINITIALIZED_AUTOS = YES_AGGRESSIVE;
				GCC_WARN_UNUSED_FUNCTION = YES;
				GCC_WARN_UNUSED_VARIABLE = YES;
				IPHONEOS_DEPLOYMENT_TARGET = 17.0;
				LOCALIZATION_PREFERS_STRING_CATALOGS = YES;
				MTL_ENABLE_DEBUG_INFO = NO;
				MTL_FAST_MATH = YES;
				SDKROOT = iphoneos;
				SWIFT_COMPILATION_MODE = wholemodule;
				VALIDATE_PRODUCT = YES;
			};
			name = Release;
		};
		F452123C2B103F190024A02C /* Debug */ = {
			isa = XCBuildConfiguration;
			buildSettings = {
				ASSETCATALOG_COMPILER_APPICON_NAME = AppIcon;
				ASSETCATALOG_COMPILER_GLOBAL_ACCENT_COLOR_NAME = AccentColor;
				CODE_SIGN_STYLE = Automatic;
				CURRENT_PROJECT_VERSION = 1;
				DEVELOPMENT_ASSET_PATHS = "\"TodoSwiftUISwiftData/Preview Content\"";
				DEVELOPMENT_TEAM = 98YXJBZVMH;
				ENABLE_PREVIEWS = YES;
				GENERATE_INFOPLIST_FILE = YES;
				INFOPLIST_KEY_UIApplicationSceneManifest_Generation = YES;
				INFOPLIST_KEY_UIApplicationSupportsIndirectInputEvents = YES;
				INFOPLIST_KEY_UILaunchScreen_Generation = YES;
				INFOPLIST_KEY_UISupportedInterfaceOrientations_iPad = "UIInterfaceOrientationPortrait UIInterfaceOrientationPortraitUpsideDown UIInterfaceOrientationLandscapeLeft UIInterfaceOrientationLandscapeRight";
				INFOPLIST_KEY_UISupportedInterfaceOrientations_iPhone = "UIInterfaceOrientationPortrait UIInterfaceOrientationLandscapeLeft UIInterfaceOrientationLandscapeRight";
				IPHONEOS_DEPLOYMENT_TARGET = 17.0;
				LD_RUNPATH_SEARCH_PATHS = (
					"$(inherited)",
					"@executable_path/Frameworks",
				);
				MARKETING_VERSION = 1.0;
				PRODUCT_BUNDLE_IDENTIFIER = com.hasanbilgin.TodoSwiftUISwiftData;
				PRODUCT_NAME = "$(TARGET_NAME)";
				SWIFT_EMIT_LOC_STRINGS = YES;
				SWIFT_VERSION = 5.0;
				TARGETED_DEVICE_FAMILY = "1,2";
			};
			name = Debug;
		};
		F452123D2B103F190024A02C /* Release */ = {
			isa = XCBuildConfiguration;
			buildSettings = {
				ASSETCATALOG_COMPILER_APPICON_NAME = AppIcon;
				ASSETCATALOG_COMPILER_GLOBAL_ACCENT_COLOR_NAME = AccentColor;
				CODE_SIGN_STYLE = Automatic;
				CURRENT_PROJECT_VERSION = 1;
				DEVELOPMENT_ASSET_PATHS = "\"TodoSwiftUISwiftData/Preview Content\"";
				DEVELOPMENT_TEAM = 98YXJBZVMH;
				ENABLE_PREVIEWS = YES;
				GENERATE_INFOPLIST_FILE = YES;
				INFOPLIST_KEY_UIApplicationSceneManifest_Generation = YES;
				INFOPLIST_KEY_UIApplicationSupportsIndirectInputEvents = YES;
				INFOPLIST_KEY_UILaunchScreen_Generation = YES;
				INFOPLIST_KEY_UISupportedInterfaceOrientations_iPad = "UIInterfaceOrientationPortrait UIInterfaceOrientationPortraitUpsideDown UIInterfaceOrientationLandscapeLeft UIInterfaceOrientationLandscapeRight";
				INFOPLIST_KEY_UISupportedInterfaceOrientations_iPhone = "UIInterfaceOrientationPortrait UIInterfaceOrientationLandscapeLeft UIInterfaceOrientationLandscapeRight";
				IPHONEOS_DEPLOYMENT_TARGET = 17.0;
				LD_RUNPATH_SEARCH_PATHS = (
					"$(inherited)",
					"@executable_path/Frameworks",
				);
				MARKETING_VERSION = 1.0;
				PRODUCT_BUNDLE_IDENTIFIER = com.hasanbilgin.TodoSwiftUISwiftData;
				PRODUCT_NAME = "$(TARGET_NAME)";
				SWIFT_EMIT_LOC_STRINGS = YES;
				SWIFT_VERSION = 5.0;
				TARGETED_DEVICE_FAMILY = "1,2";
			};
			name = Release;
		};
/* End XCBuildConfiguration section */

/* Begin XCConfigurationList section */
		F45212282B103F180024A02C /* Build configuration list for PBXProject "TodoSwiftUISwiftData" */ = {
			isa = XCConfigurationList;
			buildConfigurations = (
				F45212392B103F190024A02C /* Debug */,
				F452123A2B103F190024A02C /* Release */,
			);
			defaultConfigurationIsVisible = 0;
			defaultConfigurationName = Release;
		};
		F452123B2B103F190024A02C /* Build configuration list for PBXNativeTarget "TodoSwiftUISwiftData" */ = {
			isa = XCConfigurationList;
			buildConfigurations = (
				F452123C2B103F190024A02C /* Debug */,
				F452123D2B103F190024A02C /* Release */,
			);
			defaultConfigurationIsVisible = 0;
			defaultConfigurationName = Release;
		};
/* End XCConfigurationList section */
	};
	rootObject = F45212252B103F180024A02C /* Project object */;
}
